
Microsoft Visual Studio Solution File, Format Version 12.00
# Visual Studio Version 17
VisualStudioVersion = 17.10.34928.147
MinimumVisualStudioVersion = 10.0.40219.1
Project("{FAE04EC0-301F-11D3-BF4B-00C04F79EFBC}") = "ResourceMonitor", "ResourceMonitor\ResourceMonitor.csproj", "{13DA1119-9A89-4CFC-ADA8-A8C04355E6C5}"
EndProject
Global
	GlobalSection(SolutionConfigurationPlatforms) = preSolution
		Debug|Any CPU = Debug|Any CPU
		Release|Any CPU = Release|Any CPU
	EndGlobalSection
	GlobalSection(ProjectConfigurationPlatforms) = postSolution
		{13DA1119-9A89-4CFC-ADA8-A8C04355E6C5}.Debug|Any CPU.ActiveCfg = Debug|Any CPU
		{13DA1119-9A89-4CFC-ADA8-A8C04355E6C5}.Debug|Any CPU.Build.0 = Debug|Any CPU
		{13DA1119-9A89-4CFC-ADA8-A8C04355E6C5}.Release|Any CPU.ActiveCfg = Release|Any CPU
		{13DA1119-9A89-4CFC-ADA8-A8C04355E6C5}.Release|Any CPU.Build.0 = Release|Any CPU
	EndGlobalSection
	GlobalSection(SolutionProperties) = preSolution
		HideSolutionNode = FALSE
	EndGlobalSection
	GlobalSection(ExtensibilityGlobals) = postSolution
		SolutionGuid = {F434FD48-2094-4362-BFFC-CAC82F891CC0}
	EndGlobalSection
EndGlobal
